
Microsoft Visual Studio Solution File, Format Version 12.00
# Visual Studio 15
VisualStudioVersion = 15.0.28307.1145
MinimumVisualStudioVersion = 10.0.40219.1
Project("{FAE04EC0-301F-11D3-BF4B-00C04F79EFBC}") = "MTI", "MTI\MTI.csproj", "{134BFD02-F078-4BF5-89AD-5686C172B142}"
EndProject
Global
	GlobalSection(SolutionConfigurationPlatforms) = preSolution
		Debug|Any CPU = Debug|Any CPU
		Release|Any CPU = Release|Any CPU
	EndGlobalSection
	GlobalSection(ProjectConfigurationPlatforms) = postSolution
		{134BFD02-F078-4BF5-89AD-5686C172B142}.Debug|Any CPU.ActiveCfg = Debug|Any CPU
		{134BFD02-F078-4BF5-89AD-5686C172B142}.Debug|Any CPU.Build.0 = Debug|Any CPU
		{134BFD02-F078-4BF5-89AD-5686C172B142}.Release|Any CPU.ActiveCfg = Release|Any CPU
		{134BFD02-F078-4BF5-89AD-5686C172B142}.Release|Any CPU.Build.0 = Release|Any CPU
	EndGlobalSection
	GlobalSection(SolutionProperties) = preSolution
		HideSolutionNode = FALSE
	EndGlobalSection
	GlobalSection(ExtensibilityGlobals) = postSolution
		SolutionGuid = {C85D64CC-A246-4F74-A6EB-24E8BCB2C1BC}
	EndGlobalSection
EndGlobal
